{
  "version": 4,
  "terraform_version": "1.12.0",
  "serial": 14,
  "lineage": "dc63d4cb-2096-2c4d-dac6-5b8c4e6f268e",
  "outputs": {
    "db_endpoint": {
      "value": "pg17-db.cw72om0woqa7.us-east-1.rds.amazonaws.com:5432",
      "type": "string"
    },
    "secrets_arn": {
      "value": "arn:aws:secretsmanager:us-east-1:950724106693:secret:pg-db-secret-NcffWD",
      "type": "string"
    }
  },
  "resources": [
    {
      "mode": "managed",
      "type": "aws_db_instance",
      "name": "postgres17",
      "provider": "provider[\"registry.terraform.io/hashicorp/aws\"]",
      "instances": [
        {
          "schema_version": 2,
          "attributes": {
            "address": "pg17-db.cw72om0woqa7.us-east-1.rds.amazonaws.com",
            "allocated_storage": 20,
            "allow_major_version_upgrade": null,
            "apply_immediately": false,
            "arn": "arn:aws:rds:us-east-1:950724106693:db:pg17-db",
            "auto_minor_version_upgrade": true,
            "availability_zone": "us-east-1a",
            "backup_retention_period": 0,
            "backup_target": "region",
            "backup_window": "06:30-07:00",
            "blue_green_update": [],
            "ca_cert_identifier": "rds-ca-rsa2048-g1",
            "character_set_name": "",
            "copy_tags_to_snapshot": false,
            "custom_iam_instance_profile": "",
            "customer_owned_ip_enabled": false,
            "database_insights_mode": "standard",
            "db_name": "postgres",
            "db_subnet_group_name": "pg-db-subnet-group",
            "dedicated_log_volume": false,
            "delete_automated_backups": true,
            "deletion_protection": false,
            "domain": "",
            "domain_auth_secret_arn": "",
            "domain_dns_ips": [],
            "domain_fqdn": "",
            "domain_iam_role_name": "",
            "domain_ou": "",
            "enabled_cloudwatch_logs_exports": [],
            "endpoint": "pg17-db.cw72om0woqa7.us-east-1.rds.amazonaws.com:5432",
            "engine": "postgres",
            "engine_lifecycle_support": "open-source-rds-extended-support",
            "engine_version": "17.5",
            "engine_version_actual": "17.5",
            "final_snapshot_identifier": null,
            "hosted_zone_id": "Z2R2ITUGPM61AM",
            "iam_database_authentication_enabled": false,
            "id": "db-EZD2UR547JY42KGDDK6NZCSRPY",
            "identifier": "pg17-db",
            "identifier_prefix": "",
            "instance_class": "db.t3.micro",
            "iops": 0,
            "kms_key_id": "",
            "latest_restorable_time": "",
            "license_model": "postgresql-license",
            "listener_endpoint": [],
            "maintenance_window": "thu:04:16-thu:04:46",
            "manage_master_user_password": null,
            "master_user_secret": [],
            "master_user_secret_kms_key_id": null,
            "max_allocated_storage": 0,
            "monitoring_interval": 0,
            "monitoring_role_arn": "",
            "multi_az": false,
            "nchar_character_set_name": "",
            "network_type": "IPV4",
            "option_group_name": "default:postgres-17",
            "parameter_group_name": "pg17-custom-params",
            "password": "k1ran123",
            "password_wo": null,
            "password_wo_version": null,
            "performance_insights_enabled": false,
            "performance_insights_kms_key_id": "",
            "performance_insights_retention_period": 0,
            "port": 5432,
            "publicly_accessible": true,
            "replica_mode": "",
            "replicas": [],
            "replicate_source_db": "",
            "resource_id": "db-EZD2UR547JY42KGDDK6NZCSRPY",
            "restore_to_point_in_time": [],
            "s3_import": [],
            "skip_final_snapshot": true,
            "snapshot_identifier": null,
            "status": "available",
            "storage_encrypted": false,
            "storage_throughput": 0,
            "storage_type": "gp2",
            "tags": {},
            "tags_all": {},
            "timeouts": null,
            "timezone": "",
            "upgrade_storage_config": null,
            "username": "postgresadmin",
            "vpc_security_group_ids": [
              "sg-027ef810fd296be18"
            ]
          },
          "sensitive_attributes": [
            [
              {
                "type": "get_attr",
                "value": "password"
              }
            ],
            [
              {
                "type": "get_attr",
                "value": "password_wo"
              }
            ]
          ],
          "identity_schema_version": 0,
          "private": "eyJlMmJmYjczMC1lY2FhLTExZTYtOGY4OC0zNDM2M2JjN2M0YzAiOnsiY3JlYXRlIjozMDAwMDAwMDAwMDAwLCJkZWxldGUiOjM2MDAwMDAwMDAwMDAsInVwZGF0ZSI6NDgwMDAwMDAwMDAwMH0sInNjaGVtYV92ZXJzaW9uIjoiMiJ9",
          "dependencies": [
            "aws_db_parameter_group.pg17_custom",
            "aws_db_subnet_group.pg_subnet_group"
          ]
        }
      ]
    },
    {
      "mode": "managed",
      "type": "aws_db_parameter_group",
      "name": "pg17_custom",
      "provider": "provider[\"registry.terraform.io/hashicorp/aws\"]",
      "instances": [
        {
          "schema_version": 0,
          "attributes": {
            "arn": "arn:aws:rds:us-east-1:950724106693:pg:pg17-custom-params",
            "description": "PostgreSQL 17.5 tuning: autovacuum, logging, stat_statements",
            "family": "postgres17",
            "id": "pg17-custom-params",
            "name": "pg17-custom-params",
            "name_prefix": "",
            "parameter": [],
            "skip_destroy": false,
            "tags": {},
            "tags_all": {}
          },
          "sensitive_attributes": [],
          "identity_schema_version": 0,
          "private": "bnVsbA=="
        }
      ]
    },
    {
      "mode": "managed",
      "type": "aws_db_parameter_group",
      "name": "pg17_custom_dynamic",
      "provider": "provider[\"registry.terraform.io/hashicorp/aws\"]",
      "instances": [
        {
          "schema_version": 0,
          "attributes": {
            "arn": "arn:aws:rds:us-east-1:950724106693:pg:pg17-custom-dynamic",
            "description": "Dynamic tuning params only",
            "family": "postgres17",
            "id": "pg17-custom-dynamic",
            "name": "pg17-custom-dynamic",
            "name_prefix": "",
            "parameter": [
              {
                "apply_method": "immediate",
                "name": "autovacuum_analyze_threshold",
                "value": "50"
              },
              {
                "apply_method": "immediate",
                "name": "autovacuum_naptime",
                "value": "20"
              },
              {
                "apply_method": "immediate",
                "name": "autovacuum_vacuum_cost_limit",
                "value": "200"
              },
              {
                "apply_method": "immediate",
                "name": "autovacuum_vacuum_threshold",
                "value": "50"
              },
              {
                "apply_method": "immediate",
                "name": "log_min_duration_statement",
                "value": "1000"
              },
              {
                "apply_method": "immediate",
                "name": "log_statement",
                "value": "ddl"
              }
            ],
            "skip_destroy": false,
            "tags": null,
            "tags_all": {}
          },
          "sensitive_attributes": [],
          "identity_schema_version": 0,
          "private": "bnVsbA=="
        }
      ]
    },
    {
      "mode": "managed",
      "type": "aws_db_subnet_group",
      "name": "pg_subnet_group",
      "provider": "provider[\"registry.terraform.io/hashicorp/aws\"]",
      "instances": [
        {
          "schema_version": 0,
          "attributes": {
            "arn": "arn:aws:rds:us-east-1:950724106693:subgrp:pg-db-subnet-group",
            "description": "Managed by Terraform",
            "id": "pg-db-subnet-group",
            "name": "pg-db-subnet-group",
            "name_prefix": "",
            "subnet_ids": [
              "subnet-04a5a2616783899f9",
              "subnet-0b9afa4903db9f1d9"
            ],
            "supported_network_types": [
              "IPV4"
            ],
            "tags": {
              "Name": "pg-db-subnet-group"
            },
            "tags_all": {
              "Name": "pg-db-subnet-group"
            },
            "vpc_id": "vpc-0c7717e791f603cf4"
          },
          "sensitive_attributes": [],
          "identity_schema_version": 0,
          "private": "bnVsbA=="
        }
      ]
    },
    {
      "mode": "managed",
      "type": "aws_secretsmanager_secret",
      "name": "pg_secret",
      "provider": "provider[\"registry.terraform.io/hashicorp/aws\"]",
      "instances": [
        {
          "schema_version": 0,
          "attributes": {
            "arn": "arn:aws:secretsmanager:us-east-1:950724106693:secret:pg-db-secret-NcffWD",
            "description": "",
            "force_overwrite_replica_secret": false,
            "id": "arn:aws:secretsmanager:us-east-1:950724106693:secret:pg-db-secret-NcffWD",
            "kms_key_id": "",
            "name": "pg-db-secret",
            "name_prefix": "",
            "policy": "",
            "recovery_window_in_days": 30,
            "replica": [],
            "tags": {},
            "tags_all": {}
          },
          "sensitive_attributes": [],
          "identity_schema_version": 0,
          "private": "bnVsbA=="
        }
      ]
    },
    {
      "mode": "managed",
      "type": "aws_secretsmanager_secret_version",
      "name": "pg_secret_version",
      "provider": "provider[\"registry.terraform.io/hashicorp/aws\"]",
      "instances": [
        {
          "schema_version": 0,
          "attributes": {
            "arn": "arn:aws:secretsmanager:us-east-1:950724106693:secret:pg-db-secret-NcffWD",
            "has_secret_string_wo": null,
            "id": "arn:aws:secretsmanager:us-east-1:950724106693:secret:pg-db-secret-NcffWD|terraform-20250518173738611500000002",
            "secret_binary": "",
            "secret_id": "arn:aws:secretsmanager:us-east-1:950724106693:secret:pg-db-secret-NcffWD",
            "secret_string": "{\"password\":\"k1ran123\",\"username\":\"postgresadmin\"}",
            "secret_string_wo": null,
            "secret_string_wo_version": null,
            "version_id": "terraform-20250518173738611500000002",
            "version_stages": [
              "AWSCURRENT"
            ]
          },
          "sensitive_attributes": [
            [
              {
                "type": "get_attr",
                "value": "secret_binary"
              }
            ],
            [
              {
                "type": "get_attr",
                "value": "secret_string"
              }
            ],
            [
              {
                "type": "get_attr",
                "value": "secret_string_wo"
              }
            ]
          ],
          "identity_schema_version": 0,
          "private": "bnVsbA==",
          "dependencies": [
            "aws_secretsmanager_secret.pg_secret"
          ]
        }
      ]
    }
  ],
  "check_results": null
}
